
Microsoft Visual Studio Solution File, Format Version 12.00
# Visual Studio 15
VisualStudioVersion = 15.0.27428.2015
MinimumVisualStudioVersion = 10.0.40219.1
Project("{FAE04EC0-301F-11D3-BF4B-00C04F79EFBC}") = "TicTacToe", "TicTacToe\TicTacToe.csproj", "{06D90BB6-00D8-4D08-91E8-ECB6460ECD83}"
EndProject
Global
	GlobalSection(SolutionConfigurationPlatforms) = preSolution
		Debug|Any CPU = Debug|Any CPU
		Release|Any CPU = Release|Any CPU
	EndGlobalSection
	GlobalSection(ProjectConfigurationPlatforms) = postSolution
		{06D90BB6-00D8-4D08-91E8-ECB6460ECD83}.Debug|Any CPU.ActiveCfg = Debug|Any CPU
		{06D90BB6-00D8-4D08-91E8-ECB6460ECD83}.Debug|Any CPU.Build.0 = Debug|Any CPU
		{06D90BB6-00D8-4D08-91E8-ECB6460ECD83}.Release|Any CPU.ActiveCfg = Release|Any CPU
		{06D90BB6-00D8-4D08-91E8-ECB6460ECD83}.Release|Any CPU.Build.0 = Release|Any CPU
	EndGlobalSection
	GlobalSection(SolutionProperties) = preSolution
		HideSolutionNode = FALSE
	EndGlobalSection
	GlobalSection(ExtensibilityGlobals) = postSolution
		SolutionGuid = {F6D54613-625E-4A62-86BE-6491F6197D53}
	EndGlobalSection
EndGlobal
